# The AI Worker's runtime on Debian 13 (CPython 3.13, x86_64), pinned by
# hash. scripts/build-ai-runtime.sh installs exactly these wheels with
#   pip install --no-deps --require-hashes --only-binary=:all: -r requirements.lock
# and `scripts/build-ai-runtime.sh --lock` rewrites the hashes after a version
# changes here. Rerun the real-model tests after any change.
#
# MediaPipe itself. Importing it loads its drawing utilities, which import
# OpenCV and Matplotlib, so both stay although the Worker only embeds.
mediapipe==1.1.0 --hash=sha256:f6830aa5fbe87ab49e5eacd36a66611f9788819b45999fb76e9f5beb4638762b
absl-py==2.5.0 --hash=sha256:0f17b89f2a4eaaedc4f28c622998aa690564b3012a396a4ffad0821007fe03ba
certifi==2026.7.22 --hash=sha256:62f22742b58a1a33014a2b6b706588a8d7e2a88ae7bd1a6ebe8c992928483775
flatbuffers==25.12.19 --hash=sha256:7634f50c427838bb021c2d66a3d1168e9d199b0607e6329399f04846d42e20b4
numpy==2.5.3 --hash=sha256:a5fa86b80fd24bcd1aff83ad23be44ea323de3f787be8f8b15d4a65621e25321
# The headless build in place of MediaPipe's opencv-contrib-python, which needs
# X libraries.
opencv-contrib-python-headless==5.0.0.93 --hash=sha256:63ddadd47e36fbc903d5ac141d5c90bd305a8044188dd4936a73de80007c9e6c
matplotlib==3.11.2 --hash=sha256:1944895967f87c84c9b4bad29a707b31f5b36df4a3a2339ea1f8ea3ce5105539
contourpy==1.4.0 --hash=sha256:f1219a8898523cba821085f2da8a1b962cc696325763f09d7f93538ba43b2d70
cycler==0.12.1 --hash=sha256:85cef7cff222d8644161529808465972e51340599459b8ac3ccbac5a854e0d30
fonttools==4.66.1 --hash=sha256:83572afe48733bad7a4a9c11721d3a726c2e976d82b063fc9bdd049d76955abd
kiwisolver==1.5.1 --hash=sha256:74ad5c3dad54a4641b4c28cd15ded70899d04459c6c7aeacafea716be97cce6d
packaging==26.3 --hash=sha256:d7193f7c8e4e93f444fde0262bf90af30e16fa0ad0ad44cb553c87339b23cd1c
pillow==12.3.0 --hash=sha256:0847a763afefb695bc912d7c131e7e0632d4edc1d8698f58ddabec8e46b8b6d3
pyparsing==3.3.3 --hash=sha256:ece8c00a69cf01b45d0b1dedabb469c90d8caf996d4fda40f147627a122849a4
python-dateutil==2.9.0.post0 --hash=sha256:a8b2bc7bffae282281c8140a97d3aa9c14da0b136dfe83f850eea9a5f7470427
six==1.17.0 --hash=sha256:4721f391ed90541fddacab5acf947aa0d3dc7d27b2e1e8eda2be8970586c3274
# Left out: sounddevice (with cffi and pycparser) serves only MediaPipe's
# audio tasks.
